name: Update Podfile.lock if needed

on:
  push:
    branches:
      - main
    paths:
      - 'pubspec.lock'
  workflow_dispatch:


permissions:
  contents: write
  pull-requests: write


jobs:
  update-podfile:
    runs-on: macos-latest
    environment: firebase-distribution

    steps:
      - name: Checkout repository
        uses: actions/checkout@v4.2.2

      - id: versions
        name: Read .tool-versions
        uses: marocchino/tool-versions-action@v1

      - name: Create file with definition of XCode version
        working-directory: ios
        run: |
          echo "${{ steps.versions.outputs.xcode }}" > .xcode-version

      - name: Setup Flutter SDK
        uses: subosito/flutter-action@v2.19.0
        with:
          channel: stable
          flutter-version: ${{ steps.versions.outputs.flutter }}

      - name: Install Ruby to use Fastlane
        uses: ruby/setup-ruby@v1
        with:
          ruby-version: ${{ steps.versions.outputs.ruby }}
          bundler-cache: true
          working-directory: ./ios

      - name: Configure Firebase
        run: |
          curl -sL https://firebase.tools | bash
          dart pub global activate flutterfire_cli
          flutterfire configure -f -y --project=zapfy-f575a \
            --out=lib/firebase_options.dart \
            --platforms=ios --ios-bundle-id=$IOS_BUNDLE_ID
        env:
          FIREBASE_TOKEN: ${{ secrets.FIREBASE_TOKEN }}
          IOS_BUNDLE_ID: ${{ vars.IOS_BUNDLE_ID }}

      - name: Set iOS secrets files
        working-directory: ./ios
        run: |
          tee $SECRETS_CONFIG_PATH <<EOF
          IOS_ADS_APP_ID=$IOS_ADS_APP_ID
          EOF
        env:
          IOS_ADS_APP_ID: ${{ secrets.IOS_ADS_APP_ID }}
          SECRETS_CONFIG_PATH: ./Flutter/Secrets.xcconfig

      - name: Install Flutter dependencies
        run: |
          flutter pub get

      - name: Set up CocoaPods
        run: |
          sudo gem install cocoapods
          pod repo update
        working-directory: ./ios

      - name: Build iOS app (Simulator)
        run: flutter build ios --simulator

      - name: Upload iOS build as artifact
        uses: actions/upload-artifact@v4
        with:
          name: ios-simulator-build
          path: build/ios/iphonesimulator/*.app

      - name: Check if Podfile.lock changed
        id: git_diff
        run: |
          if [[ -n $(git status --porcelain ios/Podfile.lock) ]]; then
            echo "has_changes=true" >> $GITHUB_ENV
          else
            echo "has_changes=false" >> $GITHUB_ENV
          fi

      - name: Create PR if not exists
        if: env.has_changes == 'true'
        uses: peter-evans/create-pull-request@v7
        with:
          token: ${{ secrets.GITHUB_TOKEN }}
          commit-message: "fix: update Podfile.lock after pubspec.lock change"
          branch: fix/podfile
          title: 'fix: update Podfile.lock'
          body: 'This PR updates Podfile.lock to sync with the latest pubspec.lock changes.'
          base: main
